
Microsoft Visual Studio Solution File, Format Version 12.00
# Visual Studio Version 16
VisualStudioVersion = 16.0.30114.105
MinimumVisualStudioVersion = 10.0.40219.1
Project("{FAE04EC0-301F-11D3-BF4B-00C04F79EFBC}") = "SMSTools", "SMSTools\SMSTools.csproj", "{14FBC1E5-AC0E-4587-8C4D-F6E54AE34DE5}"
EndProject
Project("{FAE04EC0-301F-11D3-BF4B-00C04F79EFBC}") = "SMSTools.Test", "SMSTools.Test\SMSTools.Test.csproj", "{2DE583DA-E6E8-4CC9-B346-8F978E7C99AF}"
EndProject
Global
	GlobalSection(SolutionConfigurationPlatforms) = preSolution
		Debug|Any CPU = Debug|Any CPU
		Release|Any CPU = Release|Any CPU
	EndGlobalSection
	GlobalSection(SolutionProperties) = preSolution
		HideSolutionNode = FALSE
	EndGlobalSection
	GlobalSection(ProjectConfigurationPlatforms) = postSolution
		{14FBC1E5-AC0E-4587-8C4D-F6E54AE34DE5}.Debug|Any CPU.ActiveCfg = Debug|Any CPU
		{14FBC1E5-AC0E-4587-8C4D-F6E54AE34DE5}.Debug|Any CPU.Build.0 = Debug|Any CPU
		{14FBC1E5-AC0E-4587-8C4D-F6E54AE34DE5}.Release|Any CPU.ActiveCfg = Release|Any CPU
		{14FBC1E5-AC0E-4587-8C4D-F6E54AE34DE5}.Release|Any CPU.Build.0 = Release|Any CPU
		{2DE583DA-E6E8-4CC9-B346-8F978E7C99AF}.Debug|Any CPU.ActiveCfg = Debug|Any CPU
		{2DE583DA-E6E8-4CC9-B346-8F978E7C99AF}.Debug|Any CPU.Build.0 = Debug|Any CPU
		{2DE583DA-E6E8-4CC9-B346-8F978E7C99AF}.Release|Any CPU.ActiveCfg = Release|Any CPU
		{2DE583DA-E6E8-4CC9-B346-8F978E7C99AF}.Release|Any CPU.Build.0 = Release|Any CPU
	EndGlobalSection
EndGlobal
